
Microsoft Visual Studio Solution File, Format Version 12.00
# Visual Studio 15
VisualStudioVersion = 15.0.28010.2041
MinimumVisualStudioVersion = 10.0.40219.1
Project("{FAE04EC0-301F-11D3-BF4B-00C04F79EFBC}") = "TestProjectWPF", "TestProjectWPF\TestProjectWPF.csproj", "{7B88EFFA-8AB5-4542-A7CA-18366224D284}"
EndProject
Project("{FAE04EC0-301F-11D3-BF4B-00C04F79EFBC}") = "TestWcfServiceLibrary", "TestWcfServiceLibrary\TestWcfServiceLibrary.csproj", "{2FA4BFE5-EBA4-4705-B987-E39437ABEBEB}"
EndProject
Project("{FAE04EC0-301F-11D3-BF4B-00C04F79EFBC}") = "DataAccessLayer", "DataAccessLayer\DataAccessLayer.csproj", "{2CF0936E-FF7E-4242-8A99-50BC87D5FB0E}"
EndProject
Global
	GlobalSection(SolutionConfigurationPlatforms) = preSolution
		Debug|Any CPU = Debug|Any CPU
		Release|Any CPU = Release|Any CPU
	EndGlobalSection
	GlobalSection(ProjectConfigurationPlatforms) = postSolution
		{7B88EFFA-8AB5-4542-A7CA-18366224D284}.Debug|Any CPU.ActiveCfg = Debug|Any CPU
		{7B88EFFA-8AB5-4542-A7CA-18366224D284}.Debug|Any CPU.Build.0 = Debug|Any CPU
		{7B88EFFA-8AB5-4542-A7CA-18366224D284}.Release|Any CPU.ActiveCfg = Release|Any CPU
		{7B88EFFA-8AB5-4542-A7CA-18366224D284}.Release|Any CPU.Build.0 = Release|Any CPU
		{2FA4BFE5-EBA4-4705-B987-E39437ABEBEB}.Debug|Any CPU.ActiveCfg = Debug|Any CPU
		{2FA4BFE5-EBA4-4705-B987-E39437ABEBEB}.Debug|Any CPU.Build.0 = Debug|Any CPU
		{2FA4BFE5-EBA4-4705-B987-E39437ABEBEB}.Release|Any CPU.ActiveCfg = Release|Any CPU
		{2FA4BFE5-EBA4-4705-B987-E39437ABEBEB}.Release|Any CPU.Build.0 = Release|Any CPU
		{2CF0936E-FF7E-4242-8A99-50BC87D5FB0E}.Debug|Any CPU.ActiveCfg = Debug|Any CPU
		{2CF0936E-FF7E-4242-8A99-50BC87D5FB0E}.Debug|Any CPU.Build.0 = Debug|Any CPU
		{2CF0936E-FF7E-4242-8A99-50BC87D5FB0E}.Release|Any CPU.ActiveCfg = Release|Any CPU
		{2CF0936E-FF7E-4242-8A99-50BC87D5FB0E}.Release|Any CPU.Build.0 = Release|Any CPU
	EndGlobalSection
	GlobalSection(SolutionProperties) = preSolution
		HideSolutionNode = FALSE
	EndGlobalSection
	GlobalSection(ExtensibilityGlobals) = postSolution
		SolutionGuid = {D8458F0F-0150-43BA-921F-1A23F03128F0}
	EndGlobalSection
EndGlobal
